
Microsoft Visual Studio Solution File, Format Version 12.00
# Visual Studio 15
VisualStudioVersion = 15.0.26020.0
MinimumVisualStudioVersion = 10.0.40219.1
Project("{FAE04EC0-301F-11D3-BF4B-00C04F79EFBC}") = "SandBox", "MovementInOutDetection\SandBox.csproj", "{2B19C0D9-6BE1-4C45-85DB-2BF1FD83F568}"
EndProject
Project("{FAE04EC0-301F-11D3-BF4B-00C04F79EFBC}") = "HC_SR04_DistanceSensor", "HC_SR04_DistanceSensor\HC_SR04_DistanceSensor.csproj", "{83159D8A-210B-4D18-8E66-80520387ADDC}"
EndProject
Project("{FAE04EC0-301F-11D3-BF4B-00C04F79EFBC}") = "MovementsDetectionSender", "MovementsDetectionSender\MovementsDetectionSender.csproj", "{1EED71DB-2575-4F61-B753-BFC6B0CFF226}"
EndProject
Project("{FAE04EC0-301F-11D3-BF4B-00C04F79EFBC}") = "GPIOExtention", "GPIOExtention\GPIOExtention.csproj", "{A3E0E613-36DA-4F52-BE6B-77212C54C51F}"
EndProject
Project("{FAE04EC0-301F-11D3-BF4B-00C04F79EFBC}") = "SendingDataToAzure", "SendingDataToAzure\SendingDataToAzure.csproj", "{35119423-5754-47B2-85E1-F78ABDBA36E9}"
EndProject
Project("{FAE04EC0-301F-11D3-BF4B-00C04F79EFBC}") = "IndoorPlaceInformationAPI", "IndoorPlaceInformationAPI\IndoorPlaceInformationAPI.csproj", "{3F7F6300-B1EA-4EC2-883C-8A50D5422984}"
EndProject
Project("{FAE04EC0-301F-11D3-BF4B-00C04F79EFBC}") = "IndoorPlaceInformationAPI.Tests", "IndoorPlaceInformationAPI.Tests\IndoorPlaceInformationAPI.Tests.csproj", "{9D834F91-3BCC-41ED-9C1F-6DB2EB05FDF6}"
EndProject
Global
	GlobalSection(SolutionConfigurationPlatforms) = preSolution
		Debug|Any CPU = Debug|Any CPU
		Debug|ARM = Debug|ARM
		Debug|x64 = Debug|x64
		Debug|x86 = Debug|x86
		Release|Any CPU = Release|Any CPU
		Release|ARM = Release|ARM
		Release|x64 = Release|x64
		Release|x86 = Release|x86
	EndGlobalSection
	GlobalSection(ProjectConfigurationPlatforms) = postSolution
		{2B19C0D9-6BE1-4C45-85DB-2BF1FD83F568}.Debug|Any CPU.ActiveCfg = Debug|ARM
		{2B19C0D9-6BE1-4C45-85DB-2BF1FD83F568}.Debug|ARM.ActiveCfg = Debug|ARM
		{2B19C0D9-6BE1-4C45-85DB-2BF1FD83F568}.Debug|ARM.Build.0 = Debug|ARM
		{2B19C0D9-6BE1-4C45-85DB-2BF1FD83F568}.Debug|ARM.Deploy.0 = Debug|ARM
		{2B19C0D9-6BE1-4C45-85DB-2BF1FD83F568}.Debug|x64.ActiveCfg = Debug|x64
		{2B19C0D9-6BE1-4C45-85DB-2BF1FD83F568}.Debug|x64.Build.0 = Debug|x64
		{2B19C0D9-6BE1-4C45-85DB-2BF1FD83F568}.Debug|x64.Deploy.0 = Debug|x64
		{2B19C0D9-6BE1-4C45-85DB-2BF1FD83F568}.Debug|x86.ActiveCfg = Debug|x86
		{2B19C0D9-6BE1-4C45-85DB-2BF1FD83F568}.Debug|x86.Build.0 = Debug|x86
		{2B19C0D9-6BE1-4C45-85DB-2BF1FD83F568}.Debug|x86.Deploy.0 = Debug|x86
		{2B19C0D9-6BE1-4C45-85DB-2BF1FD83F568}.Release|Any CPU.ActiveCfg = Release|x86
		{2B19C0D9-6BE1-4C45-85DB-2BF1FD83F568}.Release|ARM.ActiveCfg = Release|ARM
		{2B19C0D9-6BE1-4C45-85DB-2BF1FD83F568}.Release|ARM.Build.0 = Release|ARM
		{2B19C0D9-6BE1-4C45-85DB-2BF1FD83F568}.Release|ARM.Deploy.0 = Release|ARM
		{2B19C0D9-6BE1-4C45-85DB-2BF1FD83F568}.Release|x64.ActiveCfg = Release|x64
		{2B19C0D9-6BE1-4C45-85DB-2BF1FD83F568}.Release|x64.Build.0 = Release|x64
		{2B19C0D9-6BE1-4C45-85DB-2BF1FD83F568}.Release|x64.Deploy.0 = Release|x64
		{2B19C0D9-6BE1-4C45-85DB-2BF1FD83F568}.Release|x86.ActiveCfg = Release|x86
		{2B19C0D9-6BE1-4C45-85DB-2BF1FD83F568}.Release|x86.Build.0 = Release|x86
		{2B19C0D9-6BE1-4C45-85DB-2BF1FD83F568}.Release|x86.Deploy.0 = Release|x86
		{83159D8A-210B-4D18-8E66-80520387ADDC}.Debug|Any CPU.ActiveCfg = Debug|ARM
		{83159D8A-210B-4D18-8E66-80520387ADDC}.Debug|Any CPU.Build.0 = Debug|ARM
		{83159D8A-210B-4D18-8E66-80520387ADDC}.Debug|ARM.ActiveCfg = Debug|ARM
		{83159D8A-210B-4D18-8E66-80520387ADDC}.Debug|ARM.Build.0 = Debug|ARM
		{83159D8A-210B-4D18-8E66-80520387ADDC}.Debug|x64.ActiveCfg = Debug|x64
		{83159D8A-210B-4D18-8E66-80520387ADDC}.Debug|x64.Build.0 = Debug|x64
		{83159D8A-210B-4D18-8E66-80520387ADDC}.Debug|x86.ActiveCfg = Debug|x86
		{83159D8A-210B-4D18-8E66-80520387ADDC}.Debug|x86.Build.0 = Debug|x86
		{83159D8A-210B-4D18-8E66-80520387ADDC}.Release|Any CPU.ActiveCfg = Release|Any CPU
		{83159D8A-210B-4D18-8E66-80520387ADDC}.Release|Any CPU.Build.0 = Release|Any CPU
		{83159D8A-210B-4D18-8E66-80520387ADDC}.Release|ARM.ActiveCfg = Release|ARM
		{83159D8A-210B-4D18-8E66-80520387ADDC}.Release|ARM.Build.0 = Release|ARM
		{83159D8A-210B-4D18-8E66-80520387ADDC}.Release|x64.ActiveCfg = Release|x64
		{83159D8A-210B-4D18-8E66-80520387ADDC}.Release|x64.Build.0 = Release|x64
		{83159D8A-210B-4D18-8E66-80520387ADDC}.Release|x86.ActiveCfg = Release|x86
		{83159D8A-210B-4D18-8E66-80520387ADDC}.Release|x86.Build.0 = Release|x86
		{1EED71DB-2575-4F61-B753-BFC6B0CFF226}.Debug|Any CPU.ActiveCfg = Debug|ARM
		{1EED71DB-2575-4F61-B753-BFC6B0CFF226}.Debug|ARM.ActiveCfg = Debug|ARM
		{1EED71DB-2575-4F61-B753-BFC6B0CFF226}.Debug|ARM.Build.0 = Debug|ARM
		{1EED71DB-2575-4F61-B753-BFC6B0CFF226}.Debug|ARM.Deploy.0 = Debug|ARM
		{1EED71DB-2575-4F61-B753-BFC6B0CFF226}.Debug|x64.ActiveCfg = Debug|x64
		{1EED71DB-2575-4F61-B753-BFC6B0CFF226}.Debug|x64.Build.0 = Debug|x64
		{1EED71DB-2575-4F61-B753-BFC6B0CFF226}.Debug|x64.Deploy.0 = Debug|x64
		{1EED71DB-2575-4F61-B753-BFC6B0CFF226}.Debug|x86.ActiveCfg = Debug|x86
		{1EED71DB-2575-4F61-B753-BFC6B0CFF226}.Debug|x86.Build.0 = Debug|x86
		{1EED71DB-2575-4F61-B753-BFC6B0CFF226}.Debug|x86.Deploy.0 = Debug|x86
		{1EED71DB-2575-4F61-B753-BFC6B0CFF226}.Release|Any CPU.ActiveCfg = Release|x86
		{1EED71DB-2575-4F61-B753-BFC6B0CFF226}.Release|ARM.ActiveCfg = Release|ARM
		{1EED71DB-2575-4F61-B753-BFC6B0CFF226}.Release|ARM.Build.0 = Release|ARM
		{1EED71DB-2575-4F61-B753-BFC6B0CFF226}.Release|ARM.Deploy.0 = Release|ARM
		{1EED71DB-2575-4F61-B753-BFC6B0CFF226}.Release|x64.ActiveCfg = Release|x64
		{1EED71DB-2575-4F61-B753-BFC6B0CFF226}.Release|x64.Build.0 = Release|x64
		{1EED71DB-2575-4F61-B753-BFC6B0CFF226}.Release|x64.Deploy.0 = Release|x64
		{1EED71DB-2575-4F61-B753-BFC6B0CFF226}.Release|x86.ActiveCfg = Release|x86
		{1EED71DB-2575-4F61-B753-BFC6B0CFF226}.Release|x86.Build.0 = Release|x86
		{1EED71DB-2575-4F61-B753-BFC6B0CFF226}.Release|x86.Deploy.0 = Release|x86
		{A3E0E613-36DA-4F52-BE6B-77212C54C51F}.Debug|Any CPU.ActiveCfg = Debug|ARM
		{A3E0E613-36DA-4F52-BE6B-77212C54C51F}.Debug|Any CPU.Build.0 = Debug|ARM
		{A3E0E613-36DA-4F52-BE6B-77212C54C51F}.Debug|ARM.ActiveCfg = Debug|ARM
		{A3E0E613-36DA-4F52-BE6B-77212C54C51F}.Debug|ARM.Build.0 = Debug|ARM
		{A3E0E613-36DA-4F52-BE6B-77212C54C51F}.Debug|x64.ActiveCfg = Debug|x64
		{A3E0E613-36DA-4F52-BE6B-77212C54C51F}.Debug|x64.Build.0 = Debug|x64
		{A3E0E613-36DA-4F52-BE6B-77212C54C51F}.Debug|x86.ActiveCfg = Debug|x86
		{A3E0E613-36DA-4F52-BE6B-77212C54C51F}.Debug|x86.Build.0 = Debug|x86
		{A3E0E613-36DA-4F52-BE6B-77212C54C51F}.Release|Any CPU.ActiveCfg = Release|Any CPU
		{A3E0E613-36DA-4F52-BE6B-77212C54C51F}.Release|Any CPU.Build.0 = Release|Any CPU
		{A3E0E613-36DA-4F52-BE6B-77212C54C51F}.Release|ARM.ActiveCfg = Release|ARM
		{A3E0E613-36DA-4F52-BE6B-77212C54C51F}.Release|ARM.Build.0 = Release|ARM
		{A3E0E613-36DA-4F52-BE6B-77212C54C51F}.Release|x64.ActiveCfg = Release|x64
		{A3E0E613-36DA-4F52-BE6B-77212C54C51F}.Release|x64.Build.0 = Release|x64
		{A3E0E613-36DA-4F52-BE6B-77212C54C51F}.Release|x86.ActiveCfg = Release|x86
		{A3E0E613-36DA-4F52-BE6B-77212C54C51F}.Release|x86.Build.0 = Release|x86
		{35119423-5754-47B2-85E1-F78ABDBA36E9}.Debug|Any CPU.ActiveCfg = Debug|Any CPU
		{35119423-5754-47B2-85E1-F78ABDBA36E9}.Debug|Any CPU.Build.0 = Debug|Any CPU
		{35119423-5754-47B2-85E1-F78ABDBA36E9}.Debug|ARM.ActiveCfg = Debug|ARM
		{35119423-5754-47B2-85E1-F78ABDBA36E9}.Debug|ARM.Build.0 = Debug|ARM
		{35119423-5754-47B2-85E1-F78ABDBA36E9}.Debug|x64.ActiveCfg = Debug|x64
		{35119423-5754-47B2-85E1-F78ABDBA36E9}.Debug|x64.Build.0 = Debug|x64
		{35119423-5754-47B2-85E1-F78ABDBA36E9}.Debug|x86.ActiveCfg = Debug|x86
		{35119423-5754-47B2-85E1-F78ABDBA36E9}.Debug|x86.Build.0 = Debug|x86
		{35119423-5754-47B2-85E1-F78ABDBA36E9}.Release|Any CPU.ActiveCfg = Release|Any CPU
		{35119423-5754-47B2-85E1-F78ABDBA36E9}.Release|Any CPU.Build.0 = Release|Any CPU
		{35119423-5754-47B2-85E1-F78ABDBA36E9}.Release|ARM.ActiveCfg = Release|ARM
		{35119423-5754-47B2-85E1-F78ABDBA36E9}.Release|ARM.Build.0 = Release|ARM
		{35119423-5754-47B2-85E1-F78ABDBA36E9}.Release|x64.ActiveCfg = Release|x64
		{35119423-5754-47B2-85E1-F78ABDBA36E9}.Release|x64.Build.0 = Release|x64
		{35119423-5754-47B2-85E1-F78ABDBA36E9}.Release|x86.ActiveCfg = Release|x86
		{35119423-5754-47B2-85E1-F78ABDBA36E9}.Release|x86.Build.0 = Release|x86
		{3F7F6300-B1EA-4EC2-883C-8A50D5422984}.Debug|Any CPU.ActiveCfg = Debug|Any CPU
		{3F7F6300-B1EA-4EC2-883C-8A50D5422984}.Debug|Any CPU.Build.0 = Debug|Any CPU
		{3F7F6300-B1EA-4EC2-883C-8A50D5422984}.Debug|ARM.ActiveCfg = Debug|Any CPU
		{3F7F6300-B1EA-4EC2-883C-8A50D5422984}.Debug|ARM.Build.0 = Debug|Any CPU
		{3F7F6300-B1EA-4EC2-883C-8A50D5422984}.Debug|x64.ActiveCfg = Debug|Any CPU
		{3F7F6300-B1EA-4EC2-883C-8A50D5422984}.Debug|x64.Build.0 = Debug|Any CPU
		{3F7F6300-B1EA-4EC2-883C-8A50D5422984}.Debug|x86.ActiveCfg = Debug|Any CPU
		{3F7F6300-B1EA-4EC2-883C-8A50D5422984}.Debug|x86.Build.0 = Debug|Any CPU
		{3F7F6300-B1EA-4EC2-883C-8A50D5422984}.Release|Any CPU.ActiveCfg = Release|Any CPU
		{3F7F6300-B1EA-4EC2-883C-8A50D5422984}.Release|Any CPU.Build.0 = Release|Any CPU
		{3F7F6300-B1EA-4EC2-883C-8A50D5422984}.Release|ARM.ActiveCfg = Release|Any CPU
		{3F7F6300-B1EA-4EC2-883C-8A50D5422984}.Release|ARM.Build.0 = Release|Any CPU
		{3F7F6300-B1EA-4EC2-883C-8A50D5422984}.Release|x64.ActiveCfg = Release|Any CPU
		{3F7F6300-B1EA-4EC2-883C-8A50D5422984}.Release|x64.Build.0 = Release|Any CPU
		{3F7F6300-B1EA-4EC2-883C-8A50D5422984}.Release|x86.ActiveCfg = Release|Any CPU
		{3F7F6300-B1EA-4EC2-883C-8A50D5422984}.Release|x86.Build.0 = Release|Any CPU
		{9D834F91-3BCC-41ED-9C1F-6DB2EB05FDF6}.Debug|Any CPU.ActiveCfg = Debug|Any CPU
		{9D834F91-3BCC-41ED-9C1F-6DB2EB05FDF6}.Debug|Any CPU.Build.0 = Debug|Any CPU
		{9D834F91-3BCC-41ED-9C1F-6DB2EB05FDF6}.Debug|ARM.ActiveCfg = Debug|Any CPU
		{9D834F91-3BCC-41ED-9C1F-6DB2EB05FDF6}.Debug|ARM.Build.0 = Debug|Any CPU
		{9D834F91-3BCC-41ED-9C1F-6DB2EB05FDF6}.Debug|x64.ActiveCfg = Debug|Any CPU
		{9D834F91-3BCC-41ED-9C1F-6DB2EB05FDF6}.Debug|x64.Build.0 = Debug|Any CPU
		{9D834F91-3BCC-41ED-9C1F-6DB2EB05FDF6}.Debug|x86.ActiveCfg = Debug|Any CPU
		{9D834F91-3BCC-41ED-9C1F-6DB2EB05FDF6}.Debug|x86.Build.0 = Debug|Any CPU
		{9D834F91-3BCC-41ED-9C1F-6DB2EB05FDF6}.Release|Any CPU.ActiveCfg = Release|Any CPU
		{9D834F91-3BCC-41ED-9C1F-6DB2EB05FDF6}.Release|Any CPU.Build.0 = Release|Any CPU
		{9D834F91-3BCC-41ED-9C1F-6DB2EB05FDF6}.Release|ARM.ActiveCfg = Release|Any CPU
		{9D834F91-3BCC-41ED-9C1F-6DB2EB05FDF6}.Release|ARM.Build.0 = Release|Any CPU
		{9D834F91-3BCC-41ED-9C1F-6DB2EB05FDF6}.Release|x64.ActiveCfg = Release|Any CPU
		{9D834F91-3BCC-41ED-9C1F-6DB2EB05FDF6}.Release|x64.Build.0 = Release|Any CPU
		{9D834F91-3BCC-41ED-9C1F-6DB2EB05FDF6}.Release|x86.ActiveCfg = Release|Any CPU
		{9D834F91-3BCC-41ED-9C1F-6DB2EB05FDF6}.Release|x86.Build.0 = Release|Any CPU
	EndGlobalSection
	GlobalSection(SolutionProperties) = preSolution
		HideSolutionNode = FALSE
	EndGlobalSection
EndGlobal
